# @generated - this file is auto-generated by `mise lock` https://mise.jdx.dev/dev-tools/mise-lock.html

[conda-packages.linux-arm64."_openmp_mutex-4.5-20_gnu"]
url = "https://conda.anaconda.org/conda-forge/linux-aarch64/_openmp_mutex-4.5-20_gnu.conda"
checksum = "sha256:a2527b1d81792a0ccd2c05850960df119c2b6d8f5fdec97f2db7d25dc23b1068"

[conda-packages.linux-arm64."libgcc-16.2.0-h205dda4_4"]
url = "https://conda.anaconda.org/conda-forge/linux-aarch64/libgcc-16.2.0-h205dda4_4.conda"
checksum = "sha256:a132d78d49d0fa0a08e9e2a77528a12d974e8e123bc32895c0bd0a737b8abd89"

[conda-packages.linux-arm64."libgomp-16.2.0-h8acb6b2_4"]
url = "https://conda.anaconda.org/conda-forge/linux-aarch64/libgomp-16.2.0-h8acb6b2_4.conda"
checksum = "sha256:6d216e6dc9a158b920f6e0c1dfdd6d77575bf79420dadf85d64576298ecb4503"

[conda-packages.linux-arm64."libiconv-1.18-h1ea5142_3"]
url = "https://conda.anaconda.org/conda-forge/linux-aarch64/libiconv-1.18-h1ea5142_3.conda"
checksum = "sha256:d22c666eb887afd2119aac2110e23a0e817e9391bda99293421f7c46dab1564c"

[conda-packages.linux-arm64-musl."_openmp_mutex-4.5-20_gnu"]
url = "https://conda.anaconda.org/conda-forge/linux-aarch64/_openmp_mutex-4.5-20_gnu.conda"
checksum = "sha256:a2527b1d81792a0ccd2c05850960df119c2b6d8f5fdec97f2db7d25dc23b1068"

[conda-packages.linux-arm64-musl."libgcc-16.2.0-h205dda4_4"]
url = "https://conda.anaconda.org/conda-forge/linux-aarch64/libgcc-16.2.0-h205dda4_4.conda"
checksum = "sha256:a132d78d49d0fa0a08e9e2a77528a12d974e8e123bc32895c0bd0a737b8abd89"

[conda-packages.linux-arm64-musl."libgomp-16.2.0-h8acb6b2_4"]
url = "https://conda.anaconda.org/conda-forge/linux-aarch64/libgomp-16.2.0-h8acb6b2_4.conda"
checksum = "sha256:6d216e6dc9a158b920f6e0c1dfdd6d77575bf79420dadf85d64576298ecb4503"

[conda-packages.linux-arm64-musl."libiconv-1.18-h1ea5142_3"]
url = "https://conda.anaconda.org/conda-forge/linux-aarch64/libiconv-1.18-h1ea5142_3.conda"
checksum = "sha256:d22c666eb887afd2119aac2110e23a0e817e9391bda99293421f7c46dab1564c"

[conda-packages.linux-x64."_openmp_mutex-4.5-20_gnu"]
url = "https://conda.anaconda.org/conda-forge/linux-64/_openmp_mutex-4.5-20_gnu.conda"
checksum = "sha256:1dd3fffd892081df9726d7eb7e0dea6198962ba775bd88842135a4ddb4deb3c9"

[conda-packages.linux-x64."libgcc-16.2.0-ha9f2e26_4"]
url = "https://conda.anaconda.org/conda-forge/linux-64/libgcc-16.2.0-ha9f2e26_4.conda"
checksum = "sha256:24090e675d34403b4ee1cd4372d8f6c0937da7ecfd66a19a57cac2ed0f4ea793"

[conda-packages.linux-x64."libgomp-16.2.0-he0feb66_4"]
url = "https://conda.anaconda.org/conda-forge/linux-64/libgomp-16.2.0-he0feb66_4.conda"
checksum = "sha256:0fe5cb8e0752241ab55e11656ed1b9726248b522d23b929fe7c95b83eb55b9bb"

[conda-packages.linux-x64."libiconv-1.18-h0cb94f2_3"]
url = "https://conda.anaconda.org/conda-forge/linux-64/libiconv-1.18-h0cb94f2_3.conda"
checksum = "sha256:f943117edb9cd4d9c61cc972eee5a34291dc55ea7a6e9e38da104995841cbcb6"

[conda-packages.linux-x64-musl."_openmp_mutex-4.5-20_gnu"]
url = "https://conda.anaconda.org/conda-forge/linux-64/_openmp_mutex-4.5-20_gnu.conda"
checksum = "sha256:1dd3fffd892081df9726d7eb7e0dea6198962ba775bd88842135a4ddb4deb3c9"

[conda-packages.linux-x64-musl."libgcc-16.2.0-ha9f2e26_4"]
url = "https://conda.anaconda.org/conda-forge/linux-64/libgcc-16.2.0-ha9f2e26_4.conda"
checksum = "sha256:24090e675d34403b4ee1cd4372d8f6c0937da7ecfd66a19a57cac2ed0f4ea793"

[conda-packages.linux-x64-musl."libgomp-16.2.0-he0feb66_4"]
url = "https://conda.anaconda.org/conda-forge/linux-64/libgomp-16.2.0-he0feb66_4.conda"
checksum = "sha256:0fe5cb8e0752241ab55e11656ed1b9726248b522d23b929fe7c95b83eb55b9bb"

[conda-packages.linux-x64-musl."libiconv-1.18-h0cb94f2_3"]
url = "https://conda.anaconda.org/conda-forge/linux-64/libiconv-1.18-h0cb94f2_3.conda"
checksum = "sha256:f943117edb9cd4d9c61cc972eee5a34291dc55ea7a6e9e38da104995841cbcb6"

[[tools.air]]
version = "1.67.4"
backend = "aqua:air-verse/air"

[tools.air."platforms.linux-arm64"]
checksum = "sha256:3b138e3cc01c6f1f077f555baa1db45215c02f1aa57db8ab0b5b082a76a45743"
url = "https://github.com/air-verse/air/releases/download/v1.67.4/air_1.67.4_linux_arm64.tar.gz"
url_api = "https://api.github.com/repos/air-verse/air/releases/assets/497980607"

[tools.air."platforms.linux-arm64-musl"]
checksum = "sha256:3b138e3cc01c6f1f077f555baa1db45215c02f1aa57db8ab0b5b082a76a45743"
url = "https://github.com/air-verse/air/releases/download/v1.67.4/air_1.67.4_linux_arm64.tar.gz"
url_api = "https://api.github.com/repos/air-verse/air/releases/assets/497980607"

[tools.air."platforms.linux-x64"]
checksum = "sha256:c8cc405210e557e2681275688ce700441eac53db9fb42bb58764874ee9aa783d"
url = "https://github.com/air-verse/air/releases/download/v1.67.4/air_1.67.4_linux_amd64.tar.gz"
url_api = "https://api.github.com/repos/air-verse/air/releases/assets/497980662"

[tools.air."platforms.linux-x64-musl"]
checksum = "sha256:c8cc405210e557e2681275688ce700441eac53db9fb42bb58764874ee9aa783d"
url = "https://github.com/air-verse/air/releases/download/v1.67.4/air_1.67.4_linux_amd64.tar.gz"
url_api = "https://api.github.com/repos/air-verse/air/releases/assets/497980662"

[tools.air."platforms.macos-arm64"]
checksum = "sha256:377e3f6ad87dc27a1fe665a78229c619188cf70d05ddc24d62ba065ee0824934"
url = "https://github.com/air-verse/air/releases/download/v1.67.4/air_1.67.4_darwin_arm64.tar.gz"
url_api = "https://api.github.com/repos/air-verse/air/releases/assets/497980659"

[tools.air."platforms.macos-x64"]
checksum = "sha256:a6eccc0afea79497d74edb2f0fc603fd518ac9825a83e487d9e419ee5786035c"
url = "https://github.com/air-verse/air/releases/download/v1.67.4/air_1.67.4_darwin_amd64.tar.gz"
url_api = "https://api.github.com/repos/air-verse/air/releases/assets/497980660"

[tools.air."platforms.windows-x64"]
checksum = "sha256:c35dbd568cff98055cc382d003bfda06bcdae82389568fb5e60ce5da278fa79d"
url = "https://github.com/air-verse/air/releases/download/v1.67.4/air_1.67.4_windows_amd64.tar.gz"
url_api = "https://api.github.com/repos/air-verse/air/releases/assets/497980604"

[[tools."conda:tar"]]
version = "1.35"
backend = "conda:tar"

[tools."conda:tar".options]
channel = "conda-forge"

[tools."conda:tar"."platforms.linux-arm64"]
checksum = "sha256:48ff9ff6cde5bcb1d74f77036fb66606c7e94a52c75978c65330bbd86741f8a4"
url = "https://conda.anaconda.org/conda-forge/linux-aarch64/tar-1.35-h90929bb_0.conda"
conda_deps = [
    "libgcc-16.2.0-h205dda4_4",
    "libiconv-1.18-h1ea5142_3",
    "_openmp_mutex-4.5-20_gnu",
    "libgomp-16.2.0-h8acb6b2_4",
]

[tools."conda:tar"."platforms.linux-arm64-musl"]
checksum = "sha256:48ff9ff6cde5bcb1d74f77036fb66606c7e94a52c75978c65330bbd86741f8a4"
url = "https://conda.anaconda.org/conda-forge/linux-aarch64/tar-1.35-h90929bb_0.conda"
conda_deps = [
    "libgcc-16.2.0-h205dda4_4",
    "libiconv-1.18-h1ea5142_3",
    "_openmp_mutex-4.5-20_gnu",
    "libgomp-16.2.0-h8acb6b2_4",
]

[tools."conda:tar"."platforms.linux-x64"]
checksum = "sha256:eab162cadb948c91c14f18b6f30a7c270d682e820c4f2fdb0030c9fc99b3fa49"
url = "https://conda.anaconda.org/conda-forge/linux-64/tar-1.35-h3b78370_0.conda"
conda_deps = [
    "libgcc-16.2.0-ha9f2e26_4",
    "libiconv-1.18-h0cb94f2_3",
    "_openmp_mutex-4.5-20_gnu",
    "libgomp-16.2.0-he0feb66_4",
]

[tools."conda:tar"."platforms.linux-x64-musl"]
checksum = "sha256:eab162cadb948c91c14f18b6f30a7c270d682e820c4f2fdb0030c9fc99b3fa49"
url = "https://conda.anaconda.org/conda-forge/linux-64/tar-1.35-h3b78370_0.conda"
conda_deps = [
    "libgcc-16.2.0-ha9f2e26_4",
    "libiconv-1.18-h0cb94f2_3",
    "_openmp_mutex-4.5-20_gnu",
    "libgomp-16.2.0-he0feb66_4",
]

[[tools.docker-compose]]
version = "5.5.0"
backend = "github:docker/compose"

[tools.docker-compose."platforms.linux-arm64"]
checksum = "sha256:ff42489f5a9b879d5d117c5ffea6defc27390b3286da8ad52cbc9c6ab5df590e"
url = "https://github.com/docker/compose/releases/download/v5.5.0/docker-compose-linux-aarch64"
url_api = "https://api.github.com/repos/docker/compose/releases/assets/517869355"

[tools.docker-compose."platforms.linux-arm64".provenance.slsa]
url = "https://github.com/docker/compose/releases/download/v5.5.0/docker-compose-linux-aarch64.provenance.json"

[tools.docker-compose."platforms.linux-arm64-musl"]
checksum = "sha256:ff42489f5a9b879d5d117c5ffea6defc27390b3286da8ad52cbc9c6ab5df590e"
url = "https://github.com/docker/compose/releases/download/v5.5.0/docker-compose-linux-aarch64"
url_api = "https://api.github.com/repos/docker/compose/releases/assets/517869355"

[tools.docker-compose."platforms.linux-arm64-musl".provenance.slsa]
url = "https://github.com/docker/compose/releases/download/v5.5.0/docker-compose-linux-aarch64.provenance.json"

[tools.docker-compose."platforms.linux-x64"]
checksum = "sha256:c57ab918abd5b05ca7e7d0f275875dd1330a695074f309dc9eab1b49efafcd4b"
url = "https://github.com/docker/compose/releases/download/v5.5.0/docker-compose-linux-x86_64"
url_api = "https://api.github.com/repos/docker/compose/releases/assets/517869325"

[tools.docker-compose."platforms.linux-x64-musl"]
checksum = "sha256:c57ab918abd5b05ca7e7d0f275875dd1330a695074f309dc9eab1b49efafcd4b"
url = "https://github.com/docker/compose/releases/download/v5.5.0/docker-compose-linux-x86_64"
url_api = "https://api.github.com/repos/docker/compose/releases/assets/517869325"

[tools.docker-compose."platforms.linux-x64-musl".provenance.slsa]
url = "https://github.com/docker/compose/releases/download/v5.5.0/docker-compose-linux-x86_64.provenance.json"

[tools.docker-compose."platforms.macos-arm64"]
checksum = "sha256:6777710e5a5db5709e5f4b5985844e74b73cc1a6123e3a6690b6ababf2deaf51"
url = "https://github.com/docker/compose/releases/download/v5.5.0/docker-compose-darwin-aarch64"
url_api = "https://api.github.com/repos/docker/compose/releases/assets/517869368"

[tools.docker-compose."platforms.macos-arm64".provenance.slsa]
url = "https://github.com/docker/compose/releases/download/v5.5.0/docker-compose-darwin-aarch64.provenance.json"

[tools.docker-compose."platforms.macos-x64"]
checksum = "sha256:d0f0c867fd740953899a63d6d1a291dc60200b0961de9612a01bcc560e6e29a6"
url = "https://github.com/docker/compose/releases/download/v5.5.0/docker-compose-darwin-x86_64"
url_api = "https://api.github.com/repos/docker/compose/releases/assets/517869340"

[tools.docker-compose."platforms.macos-x64".provenance.slsa]
url = "https://github.com/docker/compose/releases/download/v5.5.0/docker-compose-darwin-x86_64.provenance.json"

[tools.docker-compose."platforms.windows-x64"]
checksum = "sha256:51e1e61195f3616896265487ed64551095f3bd27ac7fbd5758d3538c3bfa1b19"
url = "https://github.com/docker/compose/releases/download/v5.5.0/docker-compose-windows-x86_64.exe"
url_api = "https://api.github.com/repos/docker/compose/releases/assets/517869313"

[tools.docker-compose."platforms.windows-x64".provenance.slsa]
url = "https://github.com/docker/compose/releases/download/v5.5.0/docker-compose-windows-x86_64.provenance.json"

[[tools.jq]]
version = "1.8.2"
backend = "aqua:jqlang/jq"

[tools.jq."platforms.linux-arm64"]
checksum = "sha256:8b85c817833814ddca00a144c33705546355afccf0cf39b188f3cdb48b852309"
url = "https://github.com/jqlang/jq/releases/download/jq-1.8.2/jq-linux-arm64"
url_api = "https://api.github.com/repos/jqlang/jq/releases/assets/453012756"
provenance = "github-attestations"

[tools.jq."platforms.linux-arm64-musl"]
checksum = "sha256:8b85c817833814ddca00a144c33705546355afccf0cf39b188f3cdb48b852309"
url = "https://github.com/jqlang/jq/releases/download/jq-1.8.2/jq-linux-arm64"
url_api = "https://api.github.com/repos/jqlang/jq/releases/assets/453012756"
provenance = "github-attestations"

[tools.jq."platforms.linux-x64"]
checksum = "sha256:b1c22172dd303f3be49e935aa56aa48a8b7a46e0bc838b4997d3bb451495870f"
url = "https://github.com/jqlang/jq/releases/download/jq-1.8.2/jq-linux-amd64"
url_api = "https://api.github.com/repos/jqlang/jq/releases/assets/453012752"
provenance = "github-attestations"

[tools.jq."platforms.linux-x64-musl"]
checksum = "sha256:b1c22172dd303f3be49e935aa56aa48a8b7a46e0bc838b4997d3bb451495870f"
url = "https://github.com/jqlang/jq/releases/download/jq-1.8.2/jq-linux-amd64"
url_api = "https://api.github.com/repos/jqlang/jq/releases/assets/453012752"
provenance = "github-attestations"

[tools.jq."platforms.macos-arm64"]
checksum = "sha256:2d75340ba57a4b4b4c8708a21c2dc8e958a48aaa8bba13b27f77f6e4c0eca07e"
url = "https://github.com/jqlang/jq/releases/download/jq-1.8.2/jq-macos-arm64"
url_api = "https://api.github.com/repos/jqlang/jq/releases/assets/453012783"
provenance = "github-attestations"

[tools.jq."platforms.macos-x64"]
checksum = "sha256:e94b266e3c26690550006abe63152b782280f4e14374accdf04cbde844f00bc0"
url = "https://github.com/jqlang/jq/releases/download/jq-1.8.2/jq-macos-amd64"
url_api = "https://api.github.com/repos/jqlang/jq/releases/assets/453012782"
provenance = "github-attestations"

[tools.jq."platforms.windows-x64"]
checksum = "sha256:a6fc67fedaf9128a3309a1e2ebb8b986aeccf70122ee46d2cb4849e423f0c627"
url = "https://github.com/jqlang/jq/releases/download/jq-1.8.2/jq-windows-amd64.exe"
url_api = "https://api.github.com/repos/jqlang/jq/releases/assets/453012788"
provenance = "github-attestations"

[[tools.prek]]
version = "0.4.14"
backend = "aqua:j178/prek"

[tools.prek."platforms.linux-arm64"]
checksum = "sha256:27a873abf78df8ec842829f6def4356f1f10c8ddf1741c6b2b3ba0c1e1e93f95"
url = "https://github.com/j178/prek/releases/download/v0.4.14/prek-aarch64-unknown-linux-musl.tar.gz"
url_api = "https://api.github.com/repos/j178/prek/releases/assets/517620523"
provenance = "github-attestations"

[tools.prek."platforms.linux-arm64-musl"]
checksum = "sha256:27a873abf78df8ec842829f6def4356f1f10c8ddf1741c6b2b3ba0c1e1e93f95"
url = "https://github.com/j178/prek/releases/download/v0.4.14/prek-aarch64-unknown-linux-musl.tar.gz"
url_api = "https://api.github.com/repos/j178/prek/releases/assets/517620523"
provenance = "github-attestations"

[tools.prek."platforms.linux-x64"]
checksum = "sha256:388f2e5216684c22e635dc1bde1bac5bd008a5dfc21c754ced382d19ff31413b"
url = "https://github.com/j178/prek/releases/download/v0.4.14/prek-x86_64-unknown-linux-musl.tar.gz"
url_api = "https://api.github.com/repos/j178/prek/releases/assets/517620606"
provenance = "github-attestations"

[tools.prek."platforms.linux-x64-musl"]
checksum = "sha256:388f2e5216684c22e635dc1bde1bac5bd008a5dfc21c754ced382d19ff31413b"
url = "https://github.com/j178/prek/releases/download/v0.4.14/prek-x86_64-unknown-linux-musl.tar.gz"
url_api = "https://api.github.com/repos/j178/prek/releases/assets/517620606"
provenance = "github-attestations"

[tools.prek."platforms.macos-arm64"]
checksum = "sha256:87f7fb2b99871820eb352d9a2327461d25affe354d6d48c4edf3a34f360c6be8"
url = "https://github.com/j178/prek/releases/download/v0.4.14/prek-aarch64-apple-darwin.tar.gz"
url_api = "https://api.github.com/repos/j178/prek/releases/assets/517620513"
provenance = "github-attestations"

[tools.prek."platforms.macos-x64"]
checksum = "sha256:59073820f5145cea2fa91b7e4256bbab6ed44de364d4b6809311d7ee9653d3b7"
url = "https://github.com/j178/prek/releases/download/v0.4.14/prek-x86_64-apple-darwin.tar.gz"
url_api = "https://api.github.com/repos/j178/prek/releases/assets/517620585"
provenance = "github-attestations"

[tools.prek."platforms.windows-x64"]
checksum = "sha256:284eb3b185788fbb5c1b53b1e2217c744be44debaff88efd305b1947df6f0b82"
url = "https://github.com/j178/prek/releases/download/v0.4.14/prek-x86_64-pc-windows-msvc.zip"
url_api = "https://api.github.com/repos/j178/prek/releases/assets/517620593"
provenance = "github-attestations"

[[tools.rg]]
version = "15.2.0"
backend = "aqua:BurntSushi/ripgrep"

[tools.rg."platforms.linux-arm64"]
checksum = "sha256:a740b91c82eaf9914cfedd353572f2791cbe0162c84101ee0951058f4dcbc90d"
url = "https://github.com/BurntSushi/ripgrep/releases/download/15.2.0/ripgrep-15.2.0-aarch64-unknown-linux-gnu.tar.gz"
url_api = "https://api.github.com/repos/BurntSushi/ripgrep/releases/assets/478119579"

[tools.rg."platforms.linux-arm64-musl"]
checksum = "sha256:800b1e7206afe799dfb5a6901f23147cfaabe0e52210538100f61e86e1740915"
url = "https://github.com/BurntSushi/ripgrep/releases/download/15.2.0/ripgrep-15.2.0-aarch64-unknown-linux-musl.tar.gz"
url_api = "https://api.github.com/repos/BurntSushi/ripgrep/releases/assets/478120060"

[tools.rg."platforms.linux-x64"]
checksum = "sha256:33e15bcf1624b25cdd2a55813a47a2f95dbe126268203e76aa6a585d1e7b149c"
url = "https://github.com/BurntSushi/ripgrep/releases/download/15.2.0/ripgrep-15.2.0-x86_64-unknown-linux-musl.tar.gz"
url_api = "https://api.github.com/repos/BurntSushi/ripgrep/releases/assets/478120097"

[tools.rg."platforms.linux-x64-musl"]
checksum = "sha256:33e15bcf1624b25cdd2a55813a47a2f95dbe126268203e76aa6a585d1e7b149c"
url = "https://github.com/BurntSushi/ripgrep/releases/download/15.2.0/ripgrep-15.2.0-x86_64-unknown-linux-musl.tar.gz"
url_api = "https://api.github.com/repos/BurntSushi/ripgrep/releases/assets/478120097"

[tools.rg."platforms.macos-arm64"]
checksum = "sha256:3750b2e93f37e0c692657da574d7019a101c0084da05a790c83fd335bad973e4"
url = "https://github.com/BurntSushi/ripgrep/releases/download/15.2.0/ripgrep-15.2.0-aarch64-apple-darwin.tar.gz"
url_api = "https://api.github.com/repos/BurntSushi/ripgrep/releases/assets/478118851"

[tools.rg."platforms.macos-x64"]
checksum = "sha256:af7825fcc69a2afc7a7aea55fc9af90e26421d8f20fe59df32e233c0b8a231c1"
url = "https://github.com/BurntSushi/ripgrep/releases/download/15.2.0/ripgrep-15.2.0-x86_64-apple-darwin.tar.gz"
url_api = "https://api.github.com/repos/BurntSushi/ripgrep/releases/assets/478119585"

[tools.rg."platforms.windows-x64"]
checksum = "sha256:71b2fef860abe467217a538ff31de02f5258807c0129f771846f87bd029aafc5"
url = "https://github.com/BurntSushi/ripgrep/releases/download/15.2.0/ripgrep-15.2.0-x86_64-pc-windows-msvc.zip"
url_api = "https://api.github.com/repos/BurntSushi/ripgrep/releases/assets/478119643"
